// !$*UTF8*$!
{
	archiveVersion = 1;
	classes = {
	};
	objectVersion = 50;
	objects = {

/* Begin PBXBuildFile section */
		8C1F9DFA218457E10080820B /* AppDelegate.m in Sources */ = {isa = PBXBuildFile; fileRef = 8C1F9DF9218457E10080820B /* AppDelegate.m */; };
		8C1F9E02218457E20080820B /* Assets.xcassets in Resources */ = {isa = PBXBuildFile; fileRef = 8C1F9E01218457E20080820B /* Assets.xcassets */; };
		8C1F9E08218457E20080820B /* main.m in Sources */ = {isa = PBXBuildFile; fileRef = 8C1F9E07218457E20080820B /* main.m */; };
		8C1F9E1021845A490080820B /* LoginViewController.m in Sources */ = {isa = PBXBuildFile; fileRef = 8C1F9E0F21845A490080820B /* LoginViewController.m */; };
		8C1F9E132184788F0080820B /* InformationViewController.m in Sources */ = {isa = PBXBuildFile; fileRef = 8C1F9E122184788F0080820B /* InformationViewController.m */; };
		8C1F9E16218490160080820B /* Information.m in Sources */ = {isa = PBXBuildFile; fileRef = 8C1F9E15218490160080820B /* Information.m */; };
		8C1F9E19218493E70080820B /* InformationParser.m in Sources */ = {isa = PBXBuildFile; fileRef = 8C1F9E18218493E70080820B /* InformationParser.m */; };
		8C1F9E1C218494090080820B /* ServerManager.m in Sources */ = {isa = PBXBuildFile; fileRef = 8C1F9E1B218494090080820B /* ServerManager.m */; };
		E205D6042184E3A900019702 /* Crypto.m in Sources */ = {isa = PBXBuildFile; fileRef = E205D6032184E3A900019702 /* Crypto.m */; };
/* End PBXBuildFile section */

/* Begin PBXFileReference section */
		8C1F9DF5218457E10080820B /* Task_1.app */ = {isa = PBXFileReference; explicitFileType = wrapper.application; includeInIndex = 0; path = Task_1.app; sourceTree = BUILT_PRODUCTS_DIR; };
		8C1F9DF8218457E10080820B /* AppDelegate.h */ = {isa = PBXFileReference; lastKnownFileType = sourcecode.c.h; path = AppDelegate.h; sourceTree = "<group>"; };
		8C1F9DF9218457E10080820B /* AppDelegate.m */ = {isa = PBXFileReference; lastKnownFileType = sourcecode.c.objc; path = AppDelegate.m; sourceTree = "<group>"; };
		8C1F9E01218457E20080820B /* Assets.xcassets */ = {isa = PBXFileReference; lastKnownFileType = folder.assetcatalog; path = Assets.xcassets; sourceTree = "<group>"; };
		8C1F9E06218457E20080820B /* Info.plist */ = {isa = PBXFileReference; lastKnownFileType = text.plist.xml; path = Info.plist; sourceTree = "<group>"; };
		8C1F9E07218457E20080820B /* main.m */ = {isa = PBXFileReference; lastKnownFileType = sourcecode.c.objc; path = main.m; sourceTree = "<group>"; };
		8C1F9E0E21845A490080820B /* LoginViewController.h */ = {isa = PBXFileReference; lastKnownFileType = sourcecode.c.h; path = LoginViewController.h; sourceTree = "<group>"; };
		8C1F9E0F21845A490080820B /* LoginViewController.m */ = {isa = PBXFileReference; lastKnownFileType = sourcecode.c.objc; path = LoginViewController.m; sourceTree = "<group>"; };
		8C1F9E112184788F0080820B /* InformationViewController.h */ = {isa = PBXFileReference; lastKnownFileType = sourcecode.c.h; path = InformationViewController.h; sourceTree = "<group>"; };
		8C1F9E122184788F0080820B /* InformationViewController.m */ = {isa = PBXFileReference; lastKnownFileType = sourcecode.c.objc; path = InformationViewController.m; sourceTree = "<group>"; };
		8C1F9E14218490160080820B /* Information.h */ = {isa = PBXFileReference; lastKnownFileType = sourcecode.c.h; path = Information.h; sourceTree = "<group>"; };
		8C1F9E15218490160080820B /* Information.m */ = {isa = PBXFileReference; lastKnownFileType = sourcecode.c.objc; path = Information.m; sourceTree = "<group>"; };
		8C1F9E17218493E70080820B /* InformationParser.h */ = {isa = PBXFileReference; lastKnownFileType = sourcecode.c.h; path = InformationParser.h; sourceTree = "<group>"; };
		8C1F9E18218493E70080820B /* InformationParser.m */ = {isa = PBXFileReference; lastKnownFileType = sourcecode.c.objc; path = InformationParser.m; sourceTree = "<group>"; };
		8C1F9E1A218494090080820B /* ServerManager.h */ = {isa = PBXFileReference; lastKnownFileType = sourcecode.c.h; path = ServerManager.h; sourceTree = "<group>"; };
		8C1F9E1B218494090080820B /* ServerManager.m */ = {isa = PBXFileReference; lastKnownFileType = sourcecode.c.objc; path = ServerManager.m; sourceTree = "<group>"; };
		E205D6022184E3A900019702 /* Crypto.h */ = {isa = PBXFileReference; lastKnownFileType = sourcecode.c.h; path = Crypto.h; sourceTree = "<group>"; };
		E205D6032184E3A900019702 /* Crypto.m */ = {isa = PBXFileReference; lastKnownFileType = sourcecode.c.objc; path = Crypto.m; sourceTree = "<group>"; };
/* End PBXFileReference section */

/* Begin PBXFrameworksBuildPhase section */
		8C1F9DF2218457E10080820B /* Frameworks */ = {
			isa = PBXFrameworksBuildPhase;
			buildActionMask = 2147483647;
			files = (
			);
			runOnlyForDeploymentPostprocessing = 0;
		};
/* End PBXFrameworksBuildPhase section */

/* Begin PBXGroup section */
		8C1F9DEC218457E10080820B = {
			isa = PBXGroup;
			children = (
				8C1F9DF7218457E10080820B /* Task_1 */,
				8C1F9DF6218457E10080820B /* Products */,
			);
			sourceTree = "<group>";
		};
		8C1F9DF6218457E10080820B /* Products */ = {
			isa = PBXGroup;
			children = (
				8C1F9DF5218457E10080820B /* Task_1.app */,
			);
			name = Products;
			sourceTree = "<group>";
		};
		8C1F9DF7218457E10080820B /* Task_1 */ = {
			isa = PBXGroup;
			children = (
				8C1F9DF8218457E10080820B /* AppDelegate.h */,
				8C1F9DF9218457E10080820B /* AppDelegate.m */,
				8C1F9E0E21845A490080820B /* LoginViewController.h */,
				8C1F9E0F21845A490080820B /* LoginViewController.m */,
				8C1F9E112184788F0080820B /* InformationViewController.h */,
				8C1F9E122184788F0080820B /* InformationViewController.m */,
				8C1F9E01218457E20080820B /* Assets.xcassets */,
				8C1F9E06218457E20080820B /* Info.plist */,
				8C1F9E07218457E20080820B /* main.m */,
				8C1F9E14218490160080820B /* Information.h */,
				8C1F9E15218490160080820B /* Information.m */,
				8C1F9E17218493E70080820B /* InformationParser.h */,
				8C1F9E18218493E70080820B /* InformationParser.m */,
				8C1F9E1A218494090080820B /* ServerManager.h */,
				8C1F9E1B218494090080820B /* ServerManager.m */,
				E205D6022184E3A900019702 /* Crypto.h */,
				E205D6032184E3A900019702 /* Crypto.m */,
			);
			path = Task_1;
			sourceTree = "<group>";
		};
/* End PBXGroup section */

/* Begin PBXNativeTarget section */
		8C1F9DF4218457E10080820B /* Task_1 */ = {
			isa = PBXNativeTarget;
			buildConfigurationList = 8C1F9E0B218457E20080820B /* Build configuration list for PBXNativeTarget "Task_1" */;
			buildPhases = (
				8C1F9DF1218457E10080820B /* Sources */,
				8C1F9DF2218457E10080820B /* Frameworks */,
				8C1F9DF3218457E10080820B /* Resources */,
			);
			buildRules = (
			);
			dependencies = (
			);
			name = Task_1;
			productName = Task_1;
			productReference = 8C1F9DF5218457E10080820B /* Task_1.app */;
			productType = "com.apple.product-type.application";
		};
/* End PBXNativeTarget section */

/* Begin PBXProject section */
		8C1F9DED218457E10080820B /* Project object */ = {
			isa = PBXProject;
			attributes = {
				LastUpgradeCheck = 1000;
				ORGANIZATIONNAME = "Evgenij Gostev";
				TargetAttributes = {
					8C1F9DF4218457E10080820B = {
						CreatedOnToolsVersion = 10.0;
					};
				};
			};
			buildConfigurationList = 8C1F9DF0218457E10080820B /* Build configuration list for PBXProject "Task_1" */;
			compatibilityVersion = "Xcode 9.3";
			developmentRegion = en;
			hasScannedForEncodings = 0;
			knownRegions = (
				en,
				Base,
			);
			mainGroup = 8C1F9DEC218457E10080820B;
			productRefGroup = 8C1F9DF6218457E10080820B /* Products */;
			projectDirPath = "";
			projectRoot = "";
			targets = (
				8C1F9DF4218457E10080820B /* Task_1 */,
			);
		};
/* End PBXProject section */

/* Begin PBXResourcesBuildPhase section */
		8C1F9DF3218457E10080820B /* Resources */ = {
			isa = PBXResourcesBuildPhase;
			buildActionMask = 2147483647;
			files = (
				8C1F9E02218457E20080820B /* Assets.xcassets in Resources */,
			);
			runOnlyForDeploymentPostprocessing = 0;
		};
/* End PBXResourcesBuildPhase section */

/* Begin PBXSourcesBuildPhase section */
		8C1F9DF1218457E10080820B /* Sources */ = {
			isa = PBXSourcesBuildPhase;
			buildActionMask = 2147483647;
			files = (
				8C1F9E08218457E20080820B /* main.m in Sources */,
				8C1F9E16218490160080820B /* Information.m in Sources */,
				8C1F9E1021845A490080820B /* LoginViewController.m in Sources */,
				8C1F9DFA218457E10080820B /* AppDelegate.m in Sources */,
				E205D6042184E3A900019702 /* Crypto.m in Sources */,
				8C1F9E1C218494090080820B /* ServerManager.m in Sources */,
				8C1F9E132184788F0080820B /* InformationViewController.m in Sources */,
				8C1F9E19218493E70080820B /* InformationParser.m in Sources */,
			);
			runOnlyForDeploymentPostprocessing = 0;
		};
/* End PBXSourcesBuildPhase section */

/* Begin XCBuildConfiguration section */
		8C1F9E09218457E20080820B /* Debug */ = {
			isa = XCBuildConfiguration;
			buildSettings = {
				ALWAYS_SEARCH_USER_PATHS = NO;
				CLANG_ANALYZER_NONNULL = YES;
				CLANG_ANALYZER_NUMBER_OBJECT_CONVERSION = YES_AGGRESSIVE;
				CLANG_CXX_LANGUAGE_STANDARD = "gnu++14";
				CLANG_CXX_LIBRARY = "libc++";
				CLANG_ENABLE_MODULES = YES;
				CLANG_ENABLE_OBJC_ARC = YES;
				CLANG_ENABLE_OBJC_WEAK = YES;
				CLANG_WARN_BLOCK_CAPTURE_AUTORELEASING = YES;
				CLANG_WARN_BOOL_CONVERSION = YES;
				CLANG_WARN_COMMA = YES;
				CLANG_WARN_CONSTANT_CONVERSION = YES;
				CLANG_WARN_DEPRECATED_OBJC_IMPLEMENTATIONS = YES;
				CLANG_WARN_DIRECT_OBJC_ISA_USAGE = YES_ERROR;
				CLANG_WARN_DOCUMENTATION_COMMENTS = YES;
				CLANG_WARN_EMPTY_BODY = YES;
				CLANG_WARN_ENUM_CONVERSION = YES;
				CLANG_WARN_INFINITE_RECURSION = YES;
				CLANG_WARN_INT_CONVERSION = YES;
				CLANG_WARN_NON_LITERAL_NULL_CONVERSION = YES;
				CLANG_WARN_OBJC_IMPLICIT_RETAIN_SELF = YES;
				CLANG_WARN_OBJC_LITERAL_CONVERSION = YES;
				CLANG_WARN_OBJC_ROOT_CLASS = YES_ERROR;
				CLANG_WARN_RANGE_LOOP_ANALYSIS = YES;
				CLANG_WARN_STRICT_PROTOTYPES = YES;
				CLANG_WARN_SUSPICIOUS_MOVE = YES;
				CLANG_WARN_UNGUARDED_AVAILABILITY = YES_AGGRESSIVE;
				CLANG_WARN_UNREACHABLE_CODE = YES;
				CLANG_WARN__DUPLICATE_METHOD_MATCH = YES;
				CODE_SIGN_IDENTITY = "iPhone Developer";
				COPY_PHASE_STRIP = NO;
				DEBUG_INFORMATION_FORMAT = dwarf;
				ENABLE_STRICT_OBJC_MSGSEND = YES;
				ENABLE_TESTABILITY = YES;
				GCC_C_LANGUAGE_STANDARD = gnu11;
				GCC_DYNAMIC_NO_PIC = NO;
				GCC_NO_COMMON_BLOCKS = YES;
				GCC_OPTIMIZATION_LEVEL = 0;
				GCC_PREPROCESSOR_DEFINITIONS = (
					"DEBUG=1",
					"$(inherited)",
				);
				GCC_WARN_64_TO_32_BIT_CONVERSION = YES;
				GCC_WARN_ABOUT_RETURN_TYPE = YES_ERROR;
				GCC_WARN_UNDECLARED_SELECTOR = YES;
				GCC_WARN_UNINITIALIZED_AUTOS = YES_AGGRESSIVE;
				GCC_WARN_UNUSED_FUNCTION = YES;
				GCC_WARN_UNUSED_VARIABLE = YES;
				IPHONEOS_DEPLOYMENT_TARGET = 12.0;
				MTL_ENABLE_DEBUG_INFO = INCLUDE_SOURCE;
				MTL_FAST_MATH = YES;
				ONLY_ACTIVE_ARCH = YES;
				SDKROOT = iphoneos;
			};
			name = Debug;
		};
		8C1F9E0A218457E20080820B /* Release */ = {
			isa = XCBuildConfiguration;
			buildSettings = {
				ALWAYS_SEARCH_USER_PATHS = NO;
				CLANG_ANALYZER_NONNULL = YES;
				CLANG_ANALYZER_NUMBER_OBJECT_CONVERSION = YES_AGGRESSIVE;
				CLANG_CXX_LANGUAGE_STANDARD = "gnu++14";
				CLANG_CXX_LIBRARY = "libc++";
				CLANG_ENABLE_MODULES = YES;
				CLANG_ENABLE_OBJC_ARC = YES;
				CLANG_ENABLE_OBJC_WEAK = YES;
				CLANG_WARN_BLOCK_CAPTURE_AUTORELEASING = YES;
				CLANG_WARN_BOOL_CONVERSION = YES;
				CLANG_WARN_COMMA = YES;
				CLANG_WARN_CONSTANT_CONVERSION = YES;
				CLANG_WARN_DEPRECATED_OBJC_IMPLEMENTATIONS = YES;
				CLANG_WARN_DIRECT_OBJC_ISA_USAGE = YES_ERROR;
				CLANG_WARN_DOCUMENTATION_COMMENTS = YES;
				CLANG_WARN_EMPTY_BODY = YES;
				CLANG_WARN_ENUM_CONVERSION = YES;
				CLANG_WARN_INFINITE_RECURSION = YES;
				CLANG_WARN_INT_CONVERSION = YES;
				CLANG_WARN_NON_LITERAL_NULL_CONVERSION = YES;
				CLANG_WARN_OBJC_IMPLICIT_RETAIN_SELF = YES;
				CLANG_WARN_OBJC_LITERAL_CONVERSION = YES;
				CLANG_WARN_OBJC_ROOT_CLASS = YES_ERROR;
				CLANG_WARN_RANGE_LOOP_ANALYSIS = YES;
				CLANG_WARN_STRICT_PROTOTYPES = YES;
				CLANG_WARN_SUSPICIOUS_MOVE = YES;
				CLANG_WARN_UNGUARDED_AVAILABILITY = YES_AGGRESSIVE;
				CLANG_WARN_UNREACHABLE_CODE = YES;
				CLANG_WARN__DUPLICATE_METHOD_MATCH = YES;
				CODE_SIGN_IDENTITY = "iPhone Developer";
				COPY_PHASE_STRIP = NO;
				DEBUG_INFORMATION_FORMAT = "dwarf-with-dsym";
				ENABLE_NS_ASSERTIONS = NO;
				ENABLE_STRICT_OBJC_MSGSEND = YES;
				GCC_C_LANGUAGE_STANDARD = gnu11;
				GCC_NO_COMMON_BLOCKS = YES;
				GCC_WARN_64_TO_32_BIT_CONVERSION = YES;
				GCC_WARN_ABOUT_RETURN_TYPE = YES_ERROR;
				GCC_WARN_UNDECLARED_SELECTOR = YES;
				GCC_WARN_UNINITIALIZED_AUTOS = YES_AGGRESSIVE;
				GCC_WARN_UNUSED_FUNCTION = YES;
				GCC_WARN_UNUSED_VARIABLE = YES;
				IPHONEOS_DEPLOYMENT_TARGET = 12.0;
				MTL_ENABLE_DEBUG_INFO = NO;
				MTL_FAST_MATH = YES;
				SDKROOT = iphoneos;
				VALIDATE_PRODUCT = YES;
			};
			name = Release;
		};
		8C1F9E0C218457E20080820B /* Debug */ = {
			isa = XCBuildConfiguration;
			buildSettings = {
				ASSETCATALOG_COMPILER_APPICON_NAME = AppIcon;
				CODE_SIGN_STYLE = Automatic;
				INFOPLIST_FILE = Task_1/Info.plist;
				IPHONEOS_DEPLOYMENT_TARGET = 10.0;
				LD_RUNPATH_SEARCH_PATHS = (
					"$(inherited)",
					"@executable_path/Frameworks",
				);
				PRODUCT_BUNDLE_IDENTIFIER = "ru.eanton.Task-1";
				PRODUCT_NAME = "$(TARGET_NAME)";
				TARGETED_DEVICE_FAMILY = "1,2";
			};
			name = Debug;
		};
		8C1F9E0D218457E20080820B /* Release */ = {
			isa = XCBuildConfiguration;
			buildSettings = {
				ASSETCATALOG_COMPILER_APPICON_NAME = AppIcon;
				CODE_SIGN_STYLE = Automatic;
				INFOPLIST_FILE = Task_1/Info.plist;
				IPHONEOS_DEPLOYMENT_TARGET = 10.0;
				LD_RUNPATH_SEARCH_PATHS = (
					"$(inherited)",
					"@executable_path/Frameworks",
				);
				PRODUCT_BUNDLE_IDENTIFIER = "ru.eanton.Task-1";
				PRODUCT_NAME = "$(TARGET_NAME)";
				TARGETED_DEVICE_FAMILY = "1,2";
			};
			name = Release;
		};
/* End XCBuildConfiguration section */

/* Begin XCConfigurationList section */
		8C1F9DF0218457E10080820B /* Build configuration list for PBXProject "Task_1" */ = {
			isa = XCConfigurationList;
			buildConfigurations = (
				8C1F9E09218457E20080820B /* Debug */,
				8C1F9E0A218457E20080820B /* Release */,
			);
			defaultConfigurationIsVisible = 0;
			defaultConfigurationName = Release;
		};
		8C1F9E0B218457E20080820B /* Build configuration list for PBXNativeTarget "Task_1" */ = {
			isa = XCConfigurationList;
			buildConfigurations = (
				8C1F9E0C218457E20080820B /* Debug */,
				8C1F9E0D218457E20080820B /* Release */,
			);
			defaultConfigurationIsVisible = 0;
			defaultConfigurationName = Release;
		};
/* End XCConfigurationList section */
	};
	rootObject = 8C1F9DED218457E10080820B /* Project object */;
}
